
Microsoft Visual Studio Solution File, Format Version 12.00
# Visual Studio Version 17
VisualStudioVersion = 17.3.32929.385
MinimumVisualStudioVersion = 10.0.40219.1
Project("{FAE04EC0-301F-11D3-BF4B-00C04F79EFBC}") = "LabbPolymorphism", "LabbPolymorphism\LabbPolymorphism.csproj", "{09C086D4-4638-4EA1-9104-8688CE867FD3}"
EndProject
Global
	GlobalSection(SolutionConfigurationPlatforms) = preSolution
		Debug|Any CPU = Debug|Any CPU
		Release|Any CPU = Release|Any CPU
	EndGlobalSection
	GlobalSection(ProjectConfigurationPlatforms) = postSolution
		{09C086D4-4638-4EA1-9104-8688CE867FD3}.Debug|Any CPU.ActiveCfg = Debug|Any CPU
		{09C086D4-4638-4EA1-9104-8688CE867FD3}.Debug|Any CPU.Build.0 = Debug|Any CPU
		{09C086D4-4638-4EA1-9104-8688CE867FD3}.Release|Any CPU.ActiveCfg = Release|Any CPU
		{09C086D4-4638-4EA1-9104-8688CE867FD3}.Release|Any CPU.Build.0 = Release|Any CPU
	EndGlobalSection
	GlobalSection(SolutionProperties) = preSolution
		HideSolutionNode = FALSE
	EndGlobalSection
	GlobalSection(ExtensibilityGlobals) = postSolution
		SolutionGuid = {A5EC63A6-6B84-48FC-AD74-D3454106E9BC}
	EndGlobalSection
EndGlobal
